
Microsoft Visual Studio Solution File, Format Version 12.00
# Visual Studio 14
VisualStudioVersion = 14.0.23107.0
MinimumVisualStudioVersion = 10.0.40219.1
Project("{2150E333-8FDC-42A3-9474-1A3956D46DE8}") = "_Library", "_Library", "{4704468A-619A-4684-8B83-9CF0CD0CC3C9}"
EndProject
Project("{2150E333-8FDC-42A3-9474-1A3956D46DE8}") = "_Shared", "_Shared", "{D587B8B2-0ADC-4209-A8C4-7DFF8E93D669}"
EndProject
Project("{2150E333-8FDC-42A3-9474-1A3956D46DE8}") = "1_Service", "1_Service", "{9424C7BC-F19D-45E2-BC79-EC19A446E4BF}"
EndProject
Project("{2150E333-8FDC-42A3-9474-1A3956D46DE8}") = "1_DB", "1_DB", "{BB16FD81-D257-4B5D-A452-6EB5FF7339A7}"
EndProject
Project("{2150E333-8FDC-42A3-9474-1A3956D46DE8}") = "2_Data", "2_Data", "{F441FB7C-2CAC-4FC0-B580-4E76FCBAC3CD}"
EndProject
Project("{2150E333-8FDC-42A3-9474-1A3956D46DE8}") = "3_Front", "3_Front", "{EF24BDC9-9C1D-4A86-94E4-756C105D8FD6}"
EndProject
Project("{2150E333-8FDC-42A3-9474-1A3956D46DE8}") = "2_Plugin", "2_Plugin", "{4B1F6DF1-BECF-4353-BD9B-B4B695D4D8D5}"
EndProject
Project("{00D1A9C2-B5F0-4AF3-8072-F6C62B433612}") = "EquinoxeExtendDB", "EquinoxeExtendDB\EquinoxeExtendDB.sqlproj", "{77BDDC0A-DBCE-4E39-86B4-F40BE38791CA}"
EndProject
Project("{FAE04EC0-301F-11D3-BF4B-00C04F79EFBC}") = "Service.DBLog.Data", "Service.DBLog.Data\Service.DBLog.Data.csproj", "{0E4F90CF-C0DD-470F-B2D7-49C1ED1BBF65}"
EndProject
Project("{FAE04EC0-301F-11D3-BF4B-00C04F79EFBC}") = "Service.DBPool.Data", "Service.DBPool.Data\Service.DBPool.Data.csproj", "{1894E517-13BC-4BA3-BA7B-B5D4CD088CBB}"
EndProject
Project("{FAE04EC0-301F-11D3-BF4B-00C04F79EFBC}") = "Service.DBSpecification.Data", "Service.DBSpecification.Data\Service.DBSpecification.Data.csproj", "{8FAE8C3D-0987-4B76-843B-FFC1065B5A14}"
EndProject
Project("{FAE04EC0-301F-11D3-BF4B-00C04F79EFBC}") = "EquinoxeExtendPlugin", "EquinoxeExtendPlugin\EquinoxeExtendPlugin.csproj", "{19023021-E629-470E-86D1-3148349F2256}"
EndProject
Project("{FAE04EC0-301F-11D3-BF4B-00C04F79EFBC}") = "EquinoxeExtend.Shared.Object", "EquinoxeExtend.Shared.Object\EquinoxeExtend.Shared.Object.csproj", "{F0C9E438-4A29-4C9F-A58A-52273F3F7E19}"
EndProject
Project("{FAE04EC0-301F-11D3-BF4B-00C04F79EFBC}") = "Service.Specification.Front", "Service.Specification.Front\Service.Specification.Front.csproj", "{6C14F67F-D563-4FD4-A2BD-EABA4022F4B8}"
EndProject
Project("{FAE04EC0-301F-11D3-BF4B-00C04F79EFBC}") = "EquinoxeExtend.Shared.Enum", "EquinoxeExtend.Shared.Enum\EquinoxeExtend.Shared.Enum.csproj", "{7747C8BF-0211-4A51-BAB1-4836A7A36F2C}"
EndProject
Project("{FAE04EC0-301F-11D3-BF4B-00C04F79EFBC}") = "Service.Pool.Front", "Service.Pool.Front\Service.Pool.Front.csproj", "{E604A3BA-3DD3-4A01-A1C1-D80CAE6BB484}"
EndProject
Project("{FAE04EC0-301F-11D3-BF4B-00C04F79EFBC}") = "Service.Log.Front", "Service.Log.Front\Service.Log.Front.csproj", "{CFF12927-F80C-4E6E-8D99-12FBF2AA9DFA}"
EndProject
Project("{2150E333-8FDC-42A3-9474-1A3956D46DE8}") = "_ReadMe", "_ReadMe", "{3FAEB799-87A4-4EF0-B4E5-5D41EDDAA0EF}"
	ProjectSection(SolutionItems) = preProject
		ReadMe.txt = ReadMe.txt
	EndProjectSection
EndProject
Project("{FAE04EC0-301F-11D3-BF4B-00C04F79EFBC}") = "Service.DBRelease.Data", "Service.DBRelease.Data\Service.DBRelease.Data.csproj", "{125EA7C9-2F73-4B36-BAD6-5F49DDE22458}"
EndProject
Project("{FAE04EC0-301F-11D3-BF4B-00C04F79EFBC}") = "Service.Release.Front", "Service.Release.Front\Service.Release.Front.csproj", "{5D876934-4939-4E10-B4E8-D3F006A04F77}"
EndProject
Project("{2150E333-8FDC-42A3-9474-1A3956D46DE8}") = "_Helper", "_Helper", "{0C27E42C-19C0-4108-868D-E21729835818}"
EndProject
Project("{FAE04EC0-301F-11D3-BF4B-00C04F79EFBC}") = "DriveWorks.Helper", "DriveWorks.Helper\DriveWorks.Helper.csproj", "{A310CC19-68E0-4553-8C35-CFAA42F3323A}"
EndProject
Project("{FAE04EC0-301F-11D3-BF4B-00C04F79EFBC}") = "Service.DBProduct.Data", "Service.DBProduct.Data\Service.DBProduct.Data.csproj", "{BD397C73-6537-41C8-8501-50F7F84C4DE1}"
EndProject
Project("{2150E333-8FDC-42A3-9474-1A3956D46DE8}") = "Test", "Test", "{A61D5446-D613-4924-BA1D-4F34CE0504D4}"
EndProject
Project("{FAE04EC0-301F-11D3-BF4B-00C04F79EFBC}") = "Service.DBPool.Data.Test", "Service.DBPool.Data.Test\Service.DBPool.Data.Test.csproj", "{DCF75C5C-7EC4-4411-9AC2-6BB8FDA1D058}"
EndProject
Project("{FAE04EC0-301F-11D3-BF4B-00C04F79EFBC}") = "Service.PDCExcelFile.Data", "Service.PDCExcelFile.Data\Service.PDCExcelFile.Data.csproj", "{F1E65BAD-B90E-454B-81C9-9231EABCB035}"
EndProject
Project("{2150E333-8FDC-42A3-9474-1A3956D46DE8}") = "_Test", "_Test", "{0E75E270-0D13-447D-A9B0-ABF8DBAE403C}"
EndProject
Project("{FAE04EC0-301F-11D3-BF4B-00C04F79EFBC}") = "EquinoxeExtendPluginTest", "EquinoxeExtendPluginTest\EquinoxeExtendPluginTest.csproj", "{4C26DD07-A33C-4561-880A-D1E6AC8D3ABD}"
EndProject
Project("{FAE04EC0-301F-11D3-BF4B-00C04F79EFBC}") = "Library.Control", "..\Library\Library.Control\Library.Control.csproj", "{26813B7A-DE40-455E-9BD3-544E976F3ACE}"
EndProject
Project("{FAE04EC0-301F-11D3-BF4B-00C04F79EFBC}") = "Library.Entity", "..\Library\Library.Entity\Library.Entity.csproj", "{1C8A59EF-7CC7-4D33-AA28-4C32D4329E17}"
EndProject
Project("{FAE04EC0-301F-11D3-BF4B-00C04F79EFBC}") = "Library.Excel", "..\Library\Library.Excel\Library.Excel.csproj", "{7BFA9E65-4118-4CC8-89A0-E11401C49C37}"
EndProject
Project("{FAE04EC0-301F-11D3-BF4B-00C04F79EFBC}") = "Library.Tools", "..\Library\Library.Tools\Library.Tools.csproj", "{38E9E476-647E-4A43-9D61-10FBBE1CB2AF}"
EndProject
Global
	GlobalSection(SolutionConfigurationPlatforms) = preSolution
		Debug|Any CPU = Debug|Any CPU
		QasCloud|Any CPU = QasCloud|Any CPU
		QasLocal|Any CPU = QasLocal|Any CPU
		Release|Any CPU = Release|Any CPU
	EndGlobalSection
	GlobalSection(ProjectConfigurationPlatforms) = postSolution
		{77BDDC0A-DBCE-4E39-86B4-F40BE38791CA}.Debug|Any CPU.ActiveCfg = Debug|Any CPU
		{77BDDC0A-DBCE-4E39-86B4-F40BE38791CA}.Debug|Any CPU.Build.0 = Debug|Any CPU
		{77BDDC0A-DBCE-4E39-86B4-F40BE38791CA}.QasCloud|Any CPU.ActiveCfg = Release|Any CPU
		{77BDDC0A-DBCE-4E39-86B4-F40BE38791CA}.QasCloud|Any CPU.Build.0 = Release|Any CPU
		{77BDDC0A-DBCE-4E39-86B4-F40BE38791CA}.QasCloud|Any CPU.Deploy.0 = Release|Any CPU
		{77BDDC0A-DBCE-4E39-86B4-F40BE38791CA}.QasLocal|Any CPU.ActiveCfg = Release|Any CPU
		{77BDDC0A-DBCE-4E39-86B4-F40BE38791CA}.QasLocal|Any CPU.Build.0 = Release|Any CPU
		{77BDDC0A-DBCE-4E39-86B4-F40BE38791CA}.QasLocal|Any CPU.Deploy.0 = Release|Any CPU
		{77BDDC0A-DBCE-4E39-86B4-F40BE38791CA}.Release|Any CPU.ActiveCfg = Release|Any CPU
		{77BDDC0A-DBCE-4E39-86B4-F40BE38791CA}.Release|Any CPU.Build.0 = Release|Any CPU
		{0E4F90CF-C0DD-470F-B2D7-49C1ED1BBF65}.Debug|Any CPU.ActiveCfg = Debug|Any CPU
		{0E4F90CF-C0DD-470F-B2D7-49C1ED1BBF65}.Debug|Any CPU.Build.0 = Debug|Any CPU
		{0E4F90CF-C0DD-470F-B2D7-49C1ED1BBF65}.QasCloud|Any CPU.ActiveCfg = Release|Any CPU
		{0E4F90CF-C0DD-470F-B2D7-49C1ED1BBF65}.QasCloud|Any CPU.Build.0 = Release|Any CPU
		{0E4F90CF-C0DD-470F-B2D7-49C1ED1BBF65}.QasLocal|Any CPU.ActiveCfg = Release|Any CPU
		{0E4F90CF-C0DD-470F-B2D7-49C1ED1BBF65}.QasLocal|Any CPU.Build.0 = Release|Any CPU
		{0E4F90CF-C0DD-470F-B2D7-49C1ED1BBF65}.Release|Any CPU.ActiveCfg = Release|Any CPU
		{0E4F90CF-C0DD-470F-B2D7-49C1ED1BBF65}.Release|Any CPU.Build.0 = Release|Any CPU
		{1894E517-13BC-4BA3-BA7B-B5D4CD088CBB}.Debug|Any CPU.ActiveCfg = Debug|Any CPU
		{1894E517-13BC-4BA3-BA7B-B5D4CD088CBB}.Debug|Any CPU.Build.0 = Debug|Any CPU
		{1894E517-13BC-4BA3-BA7B-B5D4CD088CBB}.QasCloud|Any CPU.ActiveCfg = Release|Any CPU
		{1894E517-13BC-4BA3-BA7B-B5D4CD088CBB}.QasCloud|Any CPU.Build.0 = Release|Any CPU
		{1894E517-13BC-4BA3-BA7B-B5D4CD088CBB}.QasLocal|Any CPU.ActiveCfg = Release|Any CPU
		{1894E517-13BC-4BA3-BA7B-B5D4CD088CBB}.QasLocal|Any CPU.Build.0 = Release|Any CPU
		{1894E517-13BC-4BA3-BA7B-B5D4CD088CBB}.Release|Any CPU.ActiveCfg = Release|Any CPU
		{1894E517-13BC-4BA3-BA7B-B5D4CD088CBB}.Release|Any CPU.Build.0 = Release|Any CPU
		{8FAE8C3D-0987-4B76-843B-FFC1065B5A14}.Debug|Any CPU.ActiveCfg = Debug|Any CPU
		{8FAE8C3D-0987-4B76-843B-FFC1065B5A14}.Debug|Any CPU.Build.0 = Debug|Any CPU
		{8FAE8C3D-0987-4B76-843B-FFC1065B5A14}.QasCloud|Any CPU.ActiveCfg = Release|Any CPU
		{8FAE8C3D-0987-4B76-843B-FFC1065B5A14}.QasCloud|Any CPU.Build.0 = Release|Any CPU
		{8FAE8C3D-0987-4B76-843B-FFC1065B5A14}.QasLocal|Any CPU.ActiveCfg = Release|Any CPU
		{8FAE8C3D-0987-4B76-843B-FFC1065B5A14}.QasLocal|Any CPU.Build.0 = Release|Any CPU
		{8FAE8C3D-0987-4B76-843B-FFC1065B5A14}.Release|Any CPU.ActiveCfg = Release|Any CPU
		{8FAE8C3D-0987-4B76-843B-FFC1065B5A14}.Release|Any CPU.Build.0 = Release|Any CPU
		{19023021-E629-470E-86D1-3148349F2256}.Debug|Any CPU.ActiveCfg = Debug|Any CPU
		{19023021-E629-470E-86D1-3148349F2256}.Debug|Any CPU.Build.0 = Debug|Any CPU
		{19023021-E629-470E-86D1-3148349F2256}.QasCloud|Any CPU.ActiveCfg = Release|Any CPU
		{19023021-E629-470E-86D1-3148349F2256}.QasCloud|Any CPU.Build.0 = Release|Any CPU
		{19023021-E629-470E-86D1-3148349F2256}.QasLocal|Any CPU.ActiveCfg = Release|Any CPU
		{19023021-E629-470E-86D1-3148349F2256}.QasLocal|Any CPU.Build.0 = Release|Any CPU
		{19023021-E629-470E-86D1-3148349F2256}.Release|Any CPU.ActiveCfg = Release|Any CPU
		{19023021-E629-470E-86D1-3148349F2256}.Release|Any CPU.Build.0 = Release|Any CPU
		{F0C9E438-4A29-4C9F-A58A-52273F3F7E19}.Debug|Any CPU.ActiveCfg = Debug|Any CPU
		{F0C9E438-4A29-4C9F-A58A-52273F3F7E19}.Debug|Any CPU.Build.0 = Debug|Any CPU
		{F0C9E438-4A29-4C9F-A58A-52273F3F7E19}.QasCloud|Any CPU.ActiveCfg = Release|Any CPU
		{F0C9E438-4A29-4C9F-A58A-52273F3F7E19}.QasCloud|Any CPU.Build.0 = Release|Any CPU
		{F0C9E438-4A29-4C9F-A58A-52273F3F7E19}.QasLocal|Any CPU.ActiveCfg = Release|Any CPU
		{F0C9E438-4A29-4C9F-A58A-52273F3F7E19}.QasLocal|Any CPU.Build.0 = Release|Any CPU
		{F0C9E438-4A29-4C9F-A58A-52273F3F7E19}.Release|Any CPU.ActiveCfg = Release|Any CPU
		{F0C9E438-4A29-4C9F-A58A-52273F3F7E19}.Release|Any CPU.Build.0 = Release|Any CPU
		{6C14F67F-D563-4FD4-A2BD-EABA4022F4B8}.Debug|Any CPU.ActiveCfg = Debug|Any CPU
		{6C14F67F-D563-4FD4-A2BD-EABA4022F4B8}.Debug|Any CPU.Build.0 = Debug|Any CPU
		{6C14F67F-D563-4FD4-A2BD-EABA4022F4B8}.QasCloud|Any CPU.ActiveCfg = Release|Any CPU
		{6C14F67F-D563-4FD4-A2BD-EABA4022F4B8}.QasCloud|Any CPU.Build.0 = Release|Any CPU
		{6C14F67F-D563-4FD4-A2BD-EABA4022F4B8}.QasLocal|Any CPU.ActiveCfg = Release|Any CPU
		{6C14F67F-D563-4FD4-A2BD-EABA4022F4B8}.QasLocal|Any CPU.Build.0 = Release|Any CPU
		{6C14F67F-D563-4FD4-A2BD-EABA4022F4B8}.Release|Any CPU.ActiveCfg = Release|Any CPU
		{6C14F67F-D563-4FD4-A2BD-EABA4022F4B8}.Release|Any CPU.Build.0 = Release|Any CPU
		{7747C8BF-0211-4A51-BAB1-4836A7A36F2C}.Debug|Any CPU.ActiveCfg = Debug|Any CPU
		{7747C8BF-0211-4A51-BAB1-4836A7A36F2C}.Debug|Any CPU.Build.0 = Debug|Any CPU
		{7747C8BF-0211-4A51-BAB1-4836A7A36F2C}.QasCloud|Any CPU.ActiveCfg = Release|Any CPU
		{7747C8BF-0211-4A51-BAB1-4836A7A36F2C}.QasCloud|Any CPU.Build.0 = Release|Any CPU
		{7747C8BF-0211-4A51-BAB1-4836A7A36F2C}.QasLocal|Any CPU.ActiveCfg = Release|Any CPU
		{7747C8BF-0211-4A51-BAB1-4836A7A36F2C}.QasLocal|Any CPU.Build.0 = Release|Any CPU
		{7747C8BF-0211-4A51-BAB1-4836A7A36F2C}.Release|Any CPU.ActiveCfg = Release|Any CPU
		{7747C8BF-0211-4A51-BAB1-4836A7A36F2C}.Release|Any CPU.Build.0 = Release|Any CPU
		{E604A3BA-3DD3-4A01-A1C1-D80CAE6BB484}.Debug|Any CPU.ActiveCfg = Debug|Any CPU
		{E604A3BA-3DD3-4A01-A1C1-D80CAE6BB484}.Debug|Any CPU.Build.0 = Debug|Any CPU
		{E604A3BA-3DD3-4A01-A1C1-D80CAE6BB484}.QasCloud|Any CPU.ActiveCfg = Release|Any CPU
		{E604A3BA-3DD3-4A01-A1C1-D80CAE6BB484}.QasCloud|Any CPU.Build.0 = Release|Any CPU
		{E604A3BA-3DD3-4A01-A1C1-D80CAE6BB484}.QasLocal|Any CPU.ActiveCfg = Release|Any CPU
		{E604A3BA-3DD3-4A01-A1C1-D80CAE6BB484}.QasLocal|Any CPU.Build.0 = Release|Any CPU
		{E604A3BA-3DD3-4A01-A1C1-D80CAE6BB484}.Release|Any CPU.ActiveCfg = Release|Any CPU
		{E604A3BA-3DD3-4A01-A1C1-D80CAE6BB484}.Release|Any CPU.Build.0 = Release|Any CPU
		{CFF12927-F80C-4E6E-8D99-12FBF2AA9DFA}.Debug|Any CPU.ActiveCfg = Debug|Any CPU
		{CFF12927-F80C-4E6E-8D99-12FBF2AA9DFA}.Debug|Any CPU.Build.0 = Debug|Any CPU
		{CFF12927-F80C-4E6E-8D99-12FBF2AA9DFA}.QasCloud|Any CPU.ActiveCfg = Release|Any CPU
		{CFF12927-F80C-4E6E-8D99-12FBF2AA9DFA}.QasCloud|Any CPU.Build.0 = Release|Any CPU
		{CFF12927-F80C-4E6E-8D99-12FBF2AA9DFA}.QasLocal|Any CPU.ActiveCfg = Release|Any CPU
		{CFF12927-F80C-4E6E-8D99-12FBF2AA9DFA}.QasLocal|Any CPU.Build.0 = Release|Any CPU
		{CFF12927-F80C-4E6E-8D99-12FBF2AA9DFA}.Release|Any CPU.ActiveCfg = Release|Any CPU
		{CFF12927-F80C-4E6E-8D99-12FBF2AA9DFA}.Release|Any CPU.Build.0 = Release|Any CPU
		{125EA7C9-2F73-4B36-BAD6-5F49DDE22458}.Debug|Any CPU.ActiveCfg = Debug|Any CPU
		{125EA7C9-2F73-4B36-BAD6-5F49DDE22458}.Debug|Any CPU.Build.0 = Debug|Any CPU
		{125EA7C9-2F73-4B36-BAD6-5F49DDE22458}.QasCloud|Any CPU.ActiveCfg = Release|Any CPU
		{125EA7C9-2F73-4B36-BAD6-5F49DDE22458}.QasCloud|Any CPU.Build.0 = Release|Any CPU
		{125EA7C9-2F73-4B36-BAD6-5F49DDE22458}.QasLocal|Any CPU.ActiveCfg = Release|Any CPU
		{125EA7C9-2F73-4B36-BAD6-5F49DDE22458}.QasLocal|Any CPU.Build.0 = Release|Any CPU
		{125EA7C9-2F73-4B36-BAD6-5F49DDE22458}.Release|Any CPU.ActiveCfg = Release|Any CPU
		{125EA7C9-2F73-4B36-BAD6-5F49DDE22458}.Release|Any CPU.Build.0 = Release|Any CPU
		{5D876934-4939-4E10-B4E8-D3F006A04F77}.Debug|Any CPU.ActiveCfg = Debug|Any CPU
		{5D876934-4939-4E10-B4E8-D3F006A04F77}.Debug|Any CPU.Build.0 = Debug|Any CPU
		{5D876934-4939-4E10-B4E8-D3F006A04F77}.QasCloud|Any CPU.ActiveCfg = Release|Any CPU
		{5D876934-4939-4E10-B4E8-D3F006A04F77}.QasCloud|Any CPU.Build.0 = Release|Any CPU
		{5D876934-4939-4E10-B4E8-D3F006A04F77}.QasLocal|Any CPU.ActiveCfg = Release|Any CPU
		{5D876934-4939-4E10-B4E8-D3F006A04F77}.QasLocal|Any CPU.Build.0 = Release|Any CPU
		{5D876934-4939-4E10-B4E8-D3F006A04F77}.Release|Any CPU.ActiveCfg = Release|Any CPU
		{5D876934-4939-4E10-B4E8-D3F006A04F77}.Release|Any CPU.Build.0 = Release|Any CPU
		{A310CC19-68E0-4553-8C35-CFAA42F3323A}.Debug|Any CPU.ActiveCfg = Debug|Any CPU
		{A310CC19-68E0-4553-8C35-CFAA42F3323A}.Debug|Any CPU.Build.0 = Debug|Any CPU
		{A310CC19-68E0-4553-8C35-CFAA42F3323A}.QasCloud|Any CPU.ActiveCfg = Release|Any CPU
		{A310CC19-68E0-4553-8C35-CFAA42F3323A}.QasCloud|Any CPU.Build.0 = Release|Any CPU
		{A310CC19-68E0-4553-8C35-CFAA42F3323A}.QasLocal|Any CPU.ActiveCfg = Release|Any CPU
		{A310CC19-68E0-4553-8C35-CFAA42F3323A}.QasLocal|Any CPU.Build.0 = Release|Any CPU
		{A310CC19-68E0-4553-8C35-CFAA42F3323A}.Release|Any CPU.ActiveCfg = Release|Any CPU
		{A310CC19-68E0-4553-8C35-CFAA42F3323A}.Release|Any CPU.Build.0 = Release|Any CPU
		{BD397C73-6537-41C8-8501-50F7F84C4DE1}.Debug|Any CPU.ActiveCfg = Debug|Any CPU
		{BD397C73-6537-41C8-8501-50F7F84C4DE1}.Debug|Any CPU.Build.0 = Debug|Any CPU
		{BD397C73-6537-41C8-8501-50F7F84C4DE1}.QasCloud|Any CPU.ActiveCfg = Release|Any CPU
		{BD397C73-6537-41C8-8501-50F7F84C4DE1}.QasCloud|Any CPU.Build.0 = Release|Any CPU
		{BD397C73-6537-41C8-8501-50F7F84C4DE1}.QasLocal|Any CPU.ActiveCfg = Release|Any CPU
		{BD397C73-6537-41C8-8501-50F7F84C4DE1}.QasLocal|Any CPU.Build.0 = Release|Any CPU
		{BD397C73-6537-41C8-8501-50F7F84C4DE1}.Release|Any CPU.ActiveCfg = Release|Any CPU
		{BD397C73-6537-41C8-8501-50F7F84C4DE1}.Release|Any CPU.Build.0 = Release|Any CPU
		{DCF75C5C-7EC4-4411-9AC2-6BB8FDA1D058}.Debug|Any CPU.ActiveCfg = Debug|Any CPU
		{DCF75C5C-7EC4-4411-9AC2-6BB8FDA1D058}.Debug|Any CPU.Build.0 = Debug|Any CPU
		{DCF75C5C-7EC4-4411-9AC2-6BB8FDA1D058}.QasCloud|Any CPU.ActiveCfg = Release|Any CPU
		{DCF75C5C-7EC4-4411-9AC2-6BB8FDA1D058}.QasCloud|Any CPU.Build.0 = Release|Any CPU
		{DCF75C5C-7EC4-4411-9AC2-6BB8FDA1D058}.QasLocal|Any CPU.ActiveCfg = Release|Any CPU
		{DCF75C5C-7EC4-4411-9AC2-6BB8FDA1D058}.QasLocal|Any CPU.Build.0 = Release|Any CPU
		{DCF75C5C-7EC4-4411-9AC2-6BB8FDA1D058}.Release|Any CPU.ActiveCfg = Release|Any CPU
		{DCF75C5C-7EC4-4411-9AC2-6BB8FDA1D058}.Release|Any CPU.Build.0 = Release|Any CPU
		{F1E65BAD-B90E-454B-81C9-9231EABCB035}.Debug|Any CPU.ActiveCfg = Debug|Any CPU
		{F1E65BAD-B90E-454B-81C9-9231EABCB035}.Debug|Any CPU.Build.0 = Debug|Any CPU
		{F1E65BAD-B90E-454B-81C9-9231EABCB035}.QasCloud|Any CPU.ActiveCfg = Release|Any CPU
		{F1E65BAD-B90E-454B-81C9-9231EABCB035}.QasCloud|Any CPU.Build.0 = Release|Any CPU
		{F1E65BAD-B90E-454B-81C9-9231EABCB035}.QasLocal|Any CPU.ActiveCfg = Release|Any CPU
		{F1E65BAD-B90E-454B-81C9-9231EABCB035}.QasLocal|Any CPU.Build.0 = Release|Any CPU
		{F1E65BAD-B90E-454B-81C9-9231EABCB035}.Release|Any CPU.ActiveCfg = Release|Any CPU
		{F1E65BAD-B90E-454B-81C9-9231EABCB035}.Release|Any CPU.Build.0 = Release|Any CPU
		{4C26DD07-A33C-4561-880A-D1E6AC8D3ABD}.Debug|Any CPU.ActiveCfg = Debug|Any CPU
		{4C26DD07-A33C-4561-880A-D1E6AC8D3ABD}.Debug|Any CPU.Build.0 = Debug|Any CPU
		{4C26DD07-A33C-4561-880A-D1E6AC8D3ABD}.QasCloud|Any CPU.ActiveCfg = Release|Any CPU
		{4C26DD07-A33C-4561-880A-D1E6AC8D3ABD}.QasLocal|Any CPU.ActiveCfg = Release|Any CPU
		{4C26DD07-A33C-4561-880A-D1E6AC8D3ABD}.Release|Any CPU.ActiveCfg = Release|Any CPU
		{4C26DD07-A33C-4561-880A-D1E6AC8D3ABD}.Release|Any CPU.Build.0 = Release|Any CPU
		{26813B7A-DE40-455E-9BD3-544E976F3ACE}.Debug|Any CPU.ActiveCfg = Debug|Any CPU
		{26813B7A-DE40-455E-9BD3-544E976F3ACE}.Debug|Any CPU.Build.0 = Debug|Any CPU
		{26813B7A-DE40-455E-9BD3-544E976F3ACE}.QasCloud|Any CPU.ActiveCfg = QasCloud|Any CPU
		{26813B7A-DE40-455E-9BD3-544E976F3ACE}.QasCloud|Any CPU.Build.0 = QasCloud|Any CPU
		{26813B7A-DE40-455E-9BD3-544E976F3ACE}.QasLocal|Any CPU.ActiveCfg = QasLocal|Any CPU
		{26813B7A-DE40-455E-9BD3-544E976F3ACE}.QasLocal|Any CPU.Build.0 = QasLocal|Any CPU
		{26813B7A-DE40-455E-9BD3-544E976F3ACE}.Release|Any CPU.ActiveCfg = Release|Any CPU
		{26813B7A-DE40-455E-9BD3-544E976F3ACE}.Release|Any CPU.Build.0 = Release|Any CPU
		{1C8A59EF-7CC7-4D33-AA28-4C32D4329E17}.Debug|Any CPU.ActiveCfg = Debug|Any CPU
		{1C8A59EF-7CC7-4D33-AA28-4C32D4329E17}.Debug|Any CPU.Build.0 = Debug|Any CPU
		{1C8A59EF-7CC7-4D33-AA28-4C32D4329E17}.QasCloud|Any CPU.ActiveCfg = QasCloud|Any CPU
		{1C8A59EF-7CC7-4D33-AA28-4C32D4329E17}.QasCloud|Any CPU.Build.0 = QasCloud|Any CPU
		{1C8A59EF-7CC7-4D33-AA28-4C32D4329E17}.QasLocal|Any CPU.ActiveCfg = QasLocal|Any CPU
		{1C8A59EF-7CC7-4D33-AA28-4C32D4329E17}.QasLocal|Any CPU.Build.0 = QasLocal|Any CPU
		{1C8A59EF-7CC7-4D33-AA28-4C32D4329E17}.Release|Any CPU.ActiveCfg = Release|Any CPU
		{1C8A59EF-7CC7-4D33-AA28-4C32D4329E17}.Release|Any CPU.Build.0 = Release|Any CPU
		{7BFA9E65-4118-4CC8-89A0-E11401C49C37}.Debug|Any CPU.ActiveCfg = Debug|Any CPU
		{7BFA9E65-4118-4CC8-89A0-E11401C49C37}.Debug|Any CPU.Build.0 = Debug|Any CPU
		{7BFA9E65-4118-4CC8-89A0-E11401C49C37}.QasCloud|Any CPU.ActiveCfg = QasCloud|Any CPU
		{7BFA9E65-4118-4CC8-89A0-E11401C49C37}.QasCloud|Any CPU.Build.0 = QasCloud|Any CPU
		{7BFA9E65-4118-4CC8-89A0-E11401C49C37}.QasLocal|Any CPU.ActiveCfg = QasLocal|Any CPU
		{7BFA9E65-4118-4CC8-89A0-E11401C49C37}.QasLocal|Any CPU.Build.0 = QasLocal|Any CPU
		{7BFA9E65-4118-4CC8-89A0-E11401C49C37}.Release|Any CPU.ActiveCfg = Release|Any CPU
		{7BFA9E65-4118-4CC8-89A0-E11401C49C37}.Release|Any CPU.Build.0 = Release|Any CPU
		{38E9E476-647E-4A43-9D61-10FBBE1CB2AF}.Debug|Any CPU.ActiveCfg = Debug|Any CPU
		{38E9E476-647E-4A43-9D61-10FBBE1CB2AF}.Debug|Any CPU.Build.0 = Debug|Any CPU
		{38E9E476-647E-4A43-9D61-10FBBE1CB2AF}.QasCloud|Any CPU.ActiveCfg = QasCloud|Any CPU
		{38E9E476-647E-4A43-9D61-10FBBE1CB2AF}.QasCloud|Any CPU.Build.0 = QasCloud|Any CPU
		{38E9E476-647E-4A43-9D61-10FBBE1CB2AF}.QasLocal|Any CPU.ActiveCfg = QasLocal|Any CPU
		{38E9E476-647E-4A43-9D61-10FBBE1CB2AF}.QasLocal|Any CPU.Build.0 = QasLocal|Any CPU
		{38E9E476-647E-4A43-9D61-10FBBE1CB2AF}.Release|Any CPU.ActiveCfg = Release|Any CPU
		{38E9E476-647E-4A43-9D61-10FBBE1CB2AF}.Release|Any CPU.Build.0 = Release|Any CPU
	EndGlobalSection
	GlobalSection(SolutionProperties) = preSolution
		HideSolutionNode = FALSE
	EndGlobalSection
	GlobalSection(NestedProjects) = preSolution
		{BB16FD81-D257-4B5D-A452-6EB5FF7339A7} = {9424C7BC-F19D-45E2-BC79-EC19A446E4BF}
		{F441FB7C-2CAC-4FC0-B580-4E76FCBAC3CD} = {9424C7BC-F19D-45E2-BC79-EC19A446E4BF}
		{EF24BDC9-9C1D-4A86-94E4-756C105D8FD6} = {9424C7BC-F19D-45E2-BC79-EC19A446E4BF}
		{77BDDC0A-DBCE-4E39-86B4-F40BE38791CA} = {BB16FD81-D257-4B5D-A452-6EB5FF7339A7}
		{0E4F90CF-C0DD-470F-B2D7-49C1ED1BBF65} = {F441FB7C-2CAC-4FC0-B580-4E76FCBAC3CD}
		{1894E517-13BC-4BA3-BA7B-B5D4CD088CBB} = {F441FB7C-2CAC-4FC0-B580-4E76FCBAC3CD}
		{8FAE8C3D-0987-4B76-843B-FFC1065B5A14} = {F441FB7C-2CAC-4FC0-B580-4E76FCBAC3CD}
		{19023021-E629-470E-86D1-3148349F2256} = {4B1F6DF1-BECF-4353-BD9B-B4B695D4D8D5}
		{F0C9E438-4A29-4C9F-A58A-52273F3F7E19} = {D587B8B2-0ADC-4209-A8C4-7DFF8E93D669}
		{6C14F67F-D563-4FD4-A2BD-EABA4022F4B8} = {EF24BDC9-9C1D-4A86-94E4-756C105D8FD6}
		{7747C8BF-0211-4A51-BAB1-4836A7A36F2C} = {D587B8B2-0ADC-4209-A8C4-7DFF8E93D669}
		{E604A3BA-3DD3-4A01-A1C1-D80CAE6BB484} = {EF24BDC9-9C1D-4A86-94E4-756C105D8FD6}
		{CFF12927-F80C-4E6E-8D99-12FBF2AA9DFA} = {EF24BDC9-9C1D-4A86-94E4-756C105D8FD6}
		{125EA7C9-2F73-4B36-BAD6-5F49DDE22458} = {F441FB7C-2CAC-4FC0-B580-4E76FCBAC3CD}
		{5D876934-4939-4E10-B4E8-D3F006A04F77} = {EF24BDC9-9C1D-4A86-94E4-756C105D8FD6}
		{A310CC19-68E0-4553-8C35-CFAA42F3323A} = {0C27E42C-19C0-4108-868D-E21729835818}
		{BD397C73-6537-41C8-8501-50F7F84C4DE1} = {F441FB7C-2CAC-4FC0-B580-4E76FCBAC3CD}
		{A61D5446-D613-4924-BA1D-4F34CE0504D4} = {F441FB7C-2CAC-4FC0-B580-4E76FCBAC3CD}
		{DCF75C5C-7EC4-4411-9AC2-6BB8FDA1D058} = {A61D5446-D613-4924-BA1D-4F34CE0504D4}
		{F1E65BAD-B90E-454B-81C9-9231EABCB035} = {F441FB7C-2CAC-4FC0-B580-4E76FCBAC3CD}
		{4C26DD07-A33C-4561-880A-D1E6AC8D3ABD} = {0E75E270-0D13-447D-A9B0-ABF8DBAE403C}
		{26813B7A-DE40-455E-9BD3-544E976F3ACE} = {4704468A-619A-4684-8B83-9CF0CD0CC3C9}
		{1C8A59EF-7CC7-4D33-AA28-4C32D4329E17} = {4704468A-619A-4684-8B83-9CF0CD0CC3C9}
		{7BFA9E65-4118-4CC8-89A0-E11401C49C37} = {4704468A-619A-4684-8B83-9CF0CD0CC3C9}
		{38E9E476-647E-4A43-9D61-10FBBE1CB2AF} = {4704468A-619A-4684-8B83-9CF0CD0CC3C9}
	EndGlobalSection
EndGlobal
